
Microsoft Visual Studio Solution File, Format Version 12.00
# Visual Studio Version 16
VisualStudioVersion = 16.0.31402.337
MinimumVisualStudioVersion = 10.0.40219.1
Project("{2150E333-8FDC-42A3-9474-1A3956D46DE8}") = "WarmUp", "WarmUp", "{A262F9C1-18FA-40A6-9C8F-6847AA7710DB}"
EndProject
Project("{FAE04EC0-301F-11D3-BF4B-00C04F79EFBC}") = "SolveMeFirst", "SolveMeFirst\SolveMeFirst.csproj", "{929D185E-0B88-440E-9B4C-94712EC0372A}"
EndProject
Project("{FAE04EC0-301F-11D3-BF4B-00C04F79EFBC}") = "SimpleArraySum", "SimpleArraySum\SimpleArraySum.csproj", "{B28EBAD9-5120-4143-85FF-15135B742441}"
EndProject
Project("{FAE04EC0-301F-11D3-BF4B-00C04F79EFBC}") = "CompareTheTriplets", "CompareTheTriplets\CompareTheTriplets.csproj", "{3482C6EE-CF01-4474-B54C-7C5A0903C7BC}"
EndProject
Project("{FAE04EC0-301F-11D3-BF4B-00C04F79EFBC}") = "AVeryBigSum", "AVeryBigSum\AVeryBigSum.csproj", "{3F023335-AA0B-40D3-9854-698C66F375B2}"
EndProject
Global
	GlobalSection(SolutionConfigurationPlatforms) = preSolution
		Debug|Any CPU = Debug|Any CPU
		Release|Any CPU = Release|Any CPU
	EndGlobalSection
	GlobalSection(ProjectConfigurationPlatforms) = postSolution
		{929D185E-0B88-440E-9B4C-94712EC0372A}.Debug|Any CPU.ActiveCfg = Debug|Any CPU
		{929D185E-0B88-440E-9B4C-94712EC0372A}.Debug|Any CPU.Build.0 = Debug|Any CPU
		{929D185E-0B88-440E-9B4C-94712EC0372A}.Release|Any CPU.ActiveCfg = Release|Any CPU
		{929D185E-0B88-440E-9B4C-94712EC0372A}.Release|Any CPU.Build.0 = Release|Any CPU
		{B28EBAD9-5120-4143-85FF-15135B742441}.Debug|Any CPU.ActiveCfg = Debug|Any CPU
		{B28EBAD9-5120-4143-85FF-15135B742441}.Debug|Any CPU.Build.0 = Debug|Any CPU
		{B28EBAD9-5120-4143-85FF-15135B742441}.Release|Any CPU.ActiveCfg = Release|Any CPU
		{B28EBAD9-5120-4143-85FF-15135B742441}.Release|Any CPU.Build.0 = Release|Any CPU
		{3482C6EE-CF01-4474-B54C-7C5A0903C7BC}.Debug|Any CPU.ActiveCfg = Debug|Any CPU
		{3482C6EE-CF01-4474-B54C-7C5A0903C7BC}.Debug|Any CPU.Build.0 = Debug|Any CPU
		{3482C6EE-CF01-4474-B54C-7C5A0903C7BC}.Release|Any CPU.ActiveCfg = Release|Any CPU
		{3482C6EE-CF01-4474-B54C-7C5A0903C7BC}.Release|Any CPU.Build.0 = Release|Any CPU
		{3F023335-AA0B-40D3-9854-698C66F375B2}.Debug|Any CPU.ActiveCfg = Debug|Any CPU
		{3F023335-AA0B-40D3-9854-698C66F375B2}.Debug|Any CPU.Build.0 = Debug|Any CPU
		{3F023335-AA0B-40D3-9854-698C66F375B2}.Release|Any CPU.ActiveCfg = Release|Any CPU
		{3F023335-AA0B-40D3-9854-698C66F375B2}.Release|Any CPU.Build.0 = Release|Any CPU
	EndGlobalSection
	GlobalSection(SolutionProperties) = preSolution
		HideSolutionNode = FALSE
	EndGlobalSection
	GlobalSection(NestedProjects) = preSolution
		{929D185E-0B88-440E-9B4C-94712EC0372A} = {A262F9C1-18FA-40A6-9C8F-6847AA7710DB}
		{B28EBAD9-5120-4143-85FF-15135B742441} = {A262F9C1-18FA-40A6-9C8F-6847AA7710DB}
		{3482C6EE-CF01-4474-B54C-7C5A0903C7BC} = {A262F9C1-18FA-40A6-9C8F-6847AA7710DB}
		{3F023335-AA0B-40D3-9854-698C66F375B2} = {A262F9C1-18FA-40A6-9C8F-6847AA7710DB}
	EndGlobalSection
	GlobalSection(ExtensibilityGlobals) = postSolution
		SolutionGuid = {13C24C1B-0E6A-41B7-9D43-56C059B6094F}
	EndGlobalSection
EndGlobal
